// !$*UTF8*$!
{
	archiveVersion = 1;
	classes = {
	};
	objectVersion = 50;
	objects = {

/* Begin PBXBuildFile section */
		70A4E0005569FDEDBDC62D8C /* Pods_VideoGameLibraryiOS.framework in Frameworks */ = {isa = PBXBuildFile; fileRef = 69A234B4DA36ACC1F6F722E4 /* Pods_VideoGameLibraryiOS.framework */; };
		D8BBA412207FE3620028F11E /* AppDelegate.swift in Sources */ = {isa = PBXBuildFile; fileRef = D8BBA411207FE3620028F11E /* AppDelegate.swift */; };
		D8BBA414207FE3620028F11E /* ViewController.swift in Sources */ = {isa = PBXBuildFile; fileRef = D8BBA413207FE3620028F11E /* ViewController.swift */; };
		D8BBA417207FE3620028F11E /* Main.storyboard in Resources */ = {isa = PBXBuildFile; fileRef = D8BBA415207FE3620028F11E /* Main.storyboard */; };
		D8BBA41A207FE3620028F11E /* VideoGameLibraryiOS.xcdatamodeld in Sources */ = {isa = PBXBuildFile; fileRef = D8BBA418207FE3620028F11E /* VideoGameLibraryiOS.xcdatamodeld */; };
		D8BBA41C207FE3630028F11E /* Assets.xcassets in Resources */ = {isa = PBXBuildFile; fileRef = D8BBA41B207FE3630028F11E /* Assets.xcassets */; };
		D8BBA41F207FE3630028F11E /* LaunchScreen.storyboard in Resources */ = {isa = PBXBuildFile; fileRef = D8BBA41D207FE3630028F11E /* LaunchScreen.storyboard */; };
/* End PBXBuildFile section */

/* Begin PBXFileReference section */
		69A234B4DA36ACC1F6F722E4 /* Pods_VideoGameLibraryiOS.framework */ = {isa = PBXFileReference; explicitFileType = wrapper.framework; includeInIndex = 0; path = Pods_VideoGameLibraryiOS.framework; sourceTree = BUILT_PRODUCTS_DIR; };
		9838CE2DF64B9567F666A044 /* Pods-VideoGameLibraryiOS.debug.xcconfig */ = {isa = PBXFileReference; includeInIndex = 1; lastKnownFileType = text.xcconfig; name = "Pods-VideoGameLibraryiOS.debug.xcconfig"; path = "Pods/Target Support Files/Pods-VideoGameLibraryiOS/Pods-VideoGameLibraryiOS.debug.xcconfig"; sourceTree = "<group>"; };
		D8BBA40E207FE3620028F11E /* VideoGameLibraryiOS.app */ = {isa = PBXFileReference; explicitFileType = wrapper.application; includeInIndex = 0; path = VideoGameLibraryiOS.app; sourceTree = BUILT_PRODUCTS_DIR; };
		D8BBA411207FE3620028F11E /* AppDelegate.swift */ = {isa = PBXFileReference; lastKnownFileType = sourcecode.swift; path = AppDelegate.swift; sourceTree = "<group>"; };
		D8BBA413207FE3620028F11E /* ViewController.swift */ = {isa = PBXFileReference; lastKnownFileType = sourcecode.swift; path = ViewController.swift; sourceTree = "<group>"; };
		D8BBA416207FE3620028F11E /* Base */ = {isa = PBXFileReference; lastKnownFileType = file.storyboard; name = Base; path = Base.lproj/Main.storyboard; sourceTree = "<group>"; };
		D8BBA419207FE3620028F11E /* VideoGameLibraryiOS.xcdatamodel */ = {isa = PBXFileReference; lastKnownFileType = wrapper.xcdatamodel; path = VideoGameLibraryiOS.xcdatamodel; sourceTree = "<group>"; };
		D8BBA41B207FE3630028F11E /* Assets.xcassets */ = {isa = PBXFileReference; lastKnownFileType = folder.assetcatalog; path = Assets.xcassets; sourceTree = "<group>"; };
		D8BBA41E207FE3630028F11E /* Base */ = {isa = PBXFileReference; lastKnownFileType = file.storyboard; name = Base; path = Base.lproj/LaunchScreen.storyboard; sourceTree = "<group>"; };
		D8BBA420207FE3630028F11E /* Info.plist */ = {isa = PBXFileReference; lastKnownFileType = text.plist.xml; path = Info.plist; sourceTree = "<group>"; };
		E7A3E0FFB91BC525E32B1EC1 /* Pods-VideoGameLibraryiOS.release.xcconfig */ = {isa = PBXFileReference; includeInIndex = 1; lastKnownFileType = text.xcconfig; name = "Pods-VideoGameLibraryiOS.release.xcconfig"; path = "Pods/Target Support Files/Pods-VideoGameLibraryiOS/Pods-VideoGameLibraryiOS.release.xcconfig"; sourceTree = "<group>"; };
/* End PBXFileReference section */

/* Begin PBXFrameworksBuildPhase section */
		D8BBA40B207FE3620028F11E /* Frameworks */ = {
			isa = PBXFrameworksBuildPhase;
			buildActionMask = 2147483647;
			files = (
				70A4E0005569FDEDBDC62D8C /* Pods_VideoGameLibraryiOS.framework in Frameworks */,
			);
			runOnlyForDeploymentPostprocessing = 0;
		};
/* End PBXFrameworksBuildPhase section */

/* Begin PBXGroup section */
		98B8BB79E5C61DE2197B1243 /* Frameworks */ = {
			isa = PBXGroup;
			children = (
				69A234B4DA36ACC1F6F722E4 /* Pods_VideoGameLibraryiOS.framework */,
			);
			name = Frameworks;
			sourceTree = "<group>";
		};
		D8BBA405207FE3620028F11E = {
			isa = PBXGroup;
			children = (
				D8BBA410207FE3620028F11E /* VideoGameLibraryiOS */,
				D8BBA40F207FE3620028F11E /* Products */,
				DC4EFECC12775FD221536B8B /* Pods */,
				98B8BB79E5C61DE2197B1243 /* Frameworks */,
			);
			sourceTree = "<group>";
		};
		D8BBA40F207FE3620028F11E /* Products */ = {
			isa = PBXGroup;
			children = (
				D8BBA40E207FE3620028F11E /* VideoGameLibraryiOS.app */,
			);
			name = Products;
			sourceTree = "<group>";
		};
		D8BBA410207FE3620028F11E /* VideoGameLibraryiOS */ = {
			isa = PBXGroup;
			children = (
				D8BBA411207FE3620028F11E /* AppDelegate.swift */,
				D8BBA413207FE3620028F11E /* ViewController.swift */,
				D8BBA415207FE3620028F11E /* Main.storyboard */,
				D8BBA41B207FE3630028F11E /* Assets.xcassets */,
				D8BBA41D207FE3630028F11E /* LaunchScreen.storyboard */,
				D8BBA420207FE3630028F11E /* Info.plist */,
				D8BBA418207FE3620028F11E /* VideoGameLibraryiOS.xcdatamodeld */,
			);
			path = VideoGameLibraryiOS;
			sourceTree = "<group>";
		};
		DC4EFECC12775FD221536B8B /* Pods */ = {
			isa = PBXGroup;
			children = (
				9838CE2DF64B9567F666A044 /* Pods-VideoGameLibraryiOS.debug.xcconfig */,
				E7A3E0FFB91BC525E32B1EC1 /* Pods-VideoGameLibraryiOS.release.xcconfig */,
			);
			name = Pods;
			sourceTree = "<group>";
		};
/* End PBXGroup section */

/* Begin PBXNativeTarget section */
		D8BBA40D207FE3620028F11E /* VideoGameLibraryiOS */ = {
			isa = PBXNativeTarget;
			buildConfigurationList = D8BBA423207FE3630028F11E /* Build configuration list for PBXNativeTarget "VideoGameLibraryiOS" */;
			buildPhases = (
				A9B018E3AD4A4943B7B6F5E4 /* [CP] Check Pods Manifest.lock */,
				D8BBA40A207FE3620028F11E /* Sources */,
				D8BBA40B207FE3620028F11E /* Frameworks */,
				D8BBA40C207FE3620028F11E /* Resources */,
				E34D056870463A5981664EFE /* [CP] Embed Pods Frameworks */,
			);
			buildRules = (
			);
			dependencies = (
			);
			name = VideoGameLibraryiOS;
			productName = VideoGameLibraryiOS;
			productReference = D8BBA40E207FE3620028F11E /* VideoGameLibraryiOS.app */;
			productType = "com.apple.product-type.application";
		};
/* End PBXNativeTarget section */

/* Begin PBXProject section */
		D8BBA406207FE3620028F11E /* Project object */ = {
			isa = PBXProject;
			attributes = {
				LastSwiftUpdateCheck = 0930;
				LastUpgradeCheck = 0930;
				ORGANIZATIONNAME = "Gabriel Josey";
				TargetAttributes = {
					D8BBA40D207FE3620028F11E = {
						CreatedOnToolsVersion = 9.3;
					};
				};
			};
			buildConfigurationList = D8BBA409207FE3620028F11E /* Build configuration list for PBXProject "VideoGameLibraryiOS" */;
			compatibilityVersion = "Xcode 9.3";
			developmentRegion = en;
			hasScannedForEncodings = 0;
			knownRegions = (
				en,
				Base,
			);
			mainGroup = D8BBA405207FE3620028F11E;
			productRefGroup = D8BBA40F207FE3620028F11E /* Products */;
			projectDirPath = "";
			projectRoot = "";
			targets = (
				D8BBA40D207FE3620028F11E /* VideoGameLibraryiOS */,
			);
		};
/* End PBXProject section */

/* Begin PBXResourcesBuildPhase section */
		D8BBA40C207FE3620028F11E /* Resources */ = {
			isa = PBXResourcesBuildPhase;
			buildActionMask = 2147483647;
			files = (
				D8BBA41F207FE3630028F11E /* LaunchScreen.storyboard in Resources */,
				D8BBA41C207FE3630028F11E /* Assets.xcassets in Resources */,
				D8BBA417207FE3620028F11E /* Main.storyboard in Resources */,
			);
			runOnlyForDeploymentPostprocessing = 0;
		};
/* End PBXResourcesBuildPhase section */

/* Begin PBXShellScriptBuildPhase section */
		A9B018E3AD4A4943B7B6F5E4 /* [CP] Check Pods Manifest.lock */ = {
			isa = PBXShellScriptBuildPhase;
			buildActionMask = 2147483647;
			files = (
			);
			inputPaths = (
				"${PODS_PODFILE_DIR_PATH}/Podfile.lock",
				"${PODS_ROOT}/Manifest.lock",
			);
			name = "[CP] Check Pods Manifest.lock";
			outputPaths = (
				"$(DERIVED_FILE_DIR)/Pods-VideoGameLibraryiOS-checkManifestLockResult.txt",
			);
			runOnlyForDeploymentPostprocessing = 0;
			shellPath = /bin/sh;
			shellScript = "diff \"${PODS_PODFILE_DIR_PATH}/Podfile.lock\" \"${PODS_ROOT}/Manifest.lock\" > /dev/null\nif [ $? != 0 ] ; then\n    # print error to STDERR\n    echo \"error: The sandbox is not in sync with the Podfile.lock. Run 'pod install' or update your CocoaPods installation.\" >&2\n    exit 1\nfi\n# This output is used by Xcode 'outputs' to avoid re-running this script phase.\necho \"SUCCESS\" > \"${SCRIPT_OUTPUT_FILE_0}\"\n";
			showEnvVarsInLog = 0;
		};
		E34D056870463A5981664EFE /* [CP] Embed Pods Frameworks */ = {
			isa = PBXShellScriptBuildPhase;
			buildActionMask = 2147483647;
			files = (
			);
			inputPaths = (
				"${SRCROOT}/Pods/Target Support Files/Pods-VideoGameLibraryiOS/Pods-VideoGameLibraryiOS-frameworks.sh",
				"${BUILT_PRODUCTS_DIR}/Realm/Realm.framework",
				"${BUILT_PRODUCTS_DIR}/RealmSwift/RealmSwift.framework",
			);
			name = "[CP] Embed Pods Frameworks";
			outputPaths = (
				"${TARGET_BUILD_DIR}/${FRAMEWORKS_FOLDER_PATH}/Realm.framework",
				"${TARGET_BUILD_DIR}/${FRAMEWORKS_FOLDER_PATH}/RealmSwift.framework",
			);
			runOnlyForDeploymentPostprocessing = 0;
			shellPath = /bin/sh;
			shellScript = "\"${SRCROOT}/Pods/Target Support Files/Pods-VideoGameLibraryiOS/Pods-VideoGameLibraryiOS-frameworks.sh\"\n";
			showEnvVarsInLog = 0;
		};
/* End PBXShellScriptBuildPhase section */

/* Begin PBXSourcesBuildPhase section */
		D8BBA40A207FE3620028F11E /* Sources */ = {
			isa = PBXSourcesBuildPhase;
			buildActionMask = 2147483647;
			files = (
				D8BBA414207FE3620028F11E /* ViewController.swift in Sources */,
				D8BBA412207FE3620028F11E /* AppDelegate.swift in Sources */,
				D8BBA41A207FE3620028F11E /* VideoGameLibraryiOS.xcdatamodeld in Sources */,
			);
			runOnlyForDeploymentPostprocessing = 0;
		};
/* End PBXSourcesBuildPhase section */

/* Begin PBXVariantGroup section */
		D8BBA415207FE3620028F11E /* Main.storyboard */ = {
			isa = PBXVariantGroup;
			children = (
				D8BBA416207FE3620028F11E /* Base */,
			);
			name = Main.storyboard;
			sourceTree = "<group>";
		};
		D8BBA41D207FE3630028F11E /* LaunchScreen.storyboard */ = {
			isa = PBXVariantGroup;
			children = (
				D8BBA41E207FE3630028F11E /* Base */,
			);
			name = LaunchScreen.storyboard;
			sourceTree = "<group>";
		};
/* End PBXVariantGroup section */

/* Begin XCBuildConfiguration section */
		D8BBA421207FE3630028F11E /* Debug */ = {
			isa = XCBuildConfiguration;
			buildSettings = {
				ALWAYS_SEARCH_USER_PATHS = NO;
				CLANG_ANALYZER_NONNULL = YES;
				CLANG_ANALYZER_NUMBER_OBJECT_CONVERSION = YES_AGGRESSIVE;
				CLANG_CXX_LANGUAGE_STANDARD = "gnu++14";
				CLANG_CXX_LIBRARY = "libc++";
				CLANG_ENABLE_MODULES = YES;
				CLANG_ENABLE_OBJC_ARC = YES;
				CLANG_ENABLE_OBJC_WEAK = YES;
				CLANG_WARN_BLOCK_CAPTURE_AUTORELEASING = YES;
				CLANG_WARN_BOOL_CONVERSION = YES;
				CLANG_WARN_COMMA = YES;
				CLANG_WARN_CONSTANT_CONVERSION = YES;
				CLANG_WARN_DEPRECATED_OBJC_IMPLEMENTATIONS = YES;
				CLANG_WARN_DIRECT_OBJC_ISA_USAGE = YES_ERROR;
				CLANG_WARN_DOCUMENTATION_COMMENTS = YES;
				CLANG_WARN_EMPTY_BODY = YES;
				CLANG_WARN_ENUM_CONVERSION = YES;
				CLANG_WARN_INFINITE_RECURSION = YES;
				CLANG_WARN_INT_CONVERSION = YES;
				CLANG_WARN_NON_LITERAL_NULL_CONVERSION = YES;
				CLANG_WARN_OBJC_IMPLICIT_RETAIN_SELF = YES;
				CLANG_WARN_OBJC_LITERAL_CONVERSION = YES;
				CLANG_WARN_OBJC_ROOT_CLASS = YES_ERROR;
				CLANG_WARN_RANGE_LOOP_ANALYSIS = YES;
				CLANG_WARN_STRICT_PROTOTYPES = YES;
				CLANG_WARN_SUSPICIOUS_MOVE = YES;
				CLANG_WARN_UNGUARDED_AVAILABILITY = YES_AGGRESSIVE;
				CLANG_WARN_UNREACHABLE_CODE = YES;
				CLANG_WARN__DUPLICATE_METHOD_MATCH = YES;
				CODE_SIGN_IDENTITY = "iPhone Developer";
				COPY_PHASE_STRIP = NO;
				DEBUG_INFORMATION_FORMAT = dwarf;
				ENABLE_STRICT_OBJC_MSGSEND = YES;
				ENABLE_TESTABILITY = YES;
				GCC_C_LANGUAGE_STANDARD = gnu11;
				GCC_DYNAMIC_NO_PIC = NO;
				GCC_NO_COMMON_BLOCKS = YES;
				GCC_OPTIMIZATION_LEVEL = 0;
				GCC_PREPROCESSOR_DEFINITIONS = (
					"DEBUG=1",
					"$(inherited)",
				);
				GCC_WARN_64_TO_32_BIT_CONVERSION = YES;
				GCC_WARN_ABOUT_RETURN_TYPE = YES_ERROR;
				GCC_WARN_UNDECLARED_SELECTOR = YES;
				GCC_WARN_UNINITIALIZED_AUTOS = YES_AGGRESSIVE;
				GCC_WARN_UNUSED_FUNCTION = YES;
				GCC_WARN_UNUSED_VARIABLE = YES;
				IPHONEOS_DEPLOYMENT_TARGET = 11.3;
				MTL_ENABLE_DEBUG_INFO = YES;
				ONLY_ACTIVE_ARCH = YES;
				SDKROOT = iphoneos;
				SWIFT_ACTIVE_COMPILATION_CONDITIONS = DEBUG;
				SWIFT_OPTIMIZATION_LEVEL = "-Onone";
			};
			name = Debug;
		};
		D8BBA422207FE3630028F11E /* Release */ = {
			isa = XCBuildConfiguration;
			buildSettings = {
				ALWAYS_SEARCH_USER_PATHS = NO;
				CLANG_ANALYZER_NONNULL = YES;
				CLANG_ANALYZER_NUMBER_OBJECT_CONVERSION = YES_AGGRESSIVE;
				CLANG_CXX_LANGUAGE_STANDARD = "gnu++14";
				CLANG_CXX_LIBRARY = "libc++";
				CLANG_ENABLE_MODULES = YES;
				CLANG_ENABLE_OBJC_ARC = YES;
				CLANG_ENABLE_OBJC_WEAK = YES;
				CLANG_WARN_BLOCK_CAPTURE_AUTORELEASING = YES;
				CLANG_WARN_BOOL_CONVERSION = YES;
				CLANG_WARN_COMMA = YES;
				CLANG_WARN_CONSTANT_CONVERSION = YES;
				CLANG_WARN_DEPRECATED_OBJC_IMPLEMENTATIONS = YES;
				CLANG_WARN_DIRECT_OBJC_ISA_USAGE = YES_ERROR;
				CLANG_WARN_DOCUMENTATION_COMMENTS = YES;
				CLANG_WARN_EMPTY_BODY = YES;
				CLANG_WARN_ENUM_CONVERSION = YES;
				CLANG_WARN_INFINITE_RECURSION = YES;
				CLANG_WARN_INT_CONVERSION = YES;
				CLANG_WARN_NON_LITERAL_NULL_CONVERSION = YES;
				CLANG_WARN_OBJC_IMPLICIT_RETAIN_SELF = YES;
				CLANG_WARN_OBJC_LITERAL_CONVERSION = YES;
				CLANG_WARN_OBJC_ROOT_CLASS = YES_ERROR;
				CLANG_WARN_RANGE_LOOP_ANALYSIS = YES;
				CLANG_WARN_STRICT_PROTOTYPES = YES;
				CLANG_WARN_SUSPICIOUS_MOVE = YES;
				CLANG_WARN_UNGUARDED_AVAILABILITY = YES_AGGRESSIVE;
				CLANG_WARN_UNREACHABLE_CODE = YES;
				CLANG_WARN__DUPLICATE_METHOD_MATCH = YES;
				CODE_SIGN_IDENTITY = "iPhone Developer";
				COPY_PHASE_STRIP = NO;
				DEBUG_INFORMATION_FORMAT = "dwarf-with-dsym";
				ENABLE_NS_ASSERTIONS = NO;
				ENABLE_STRICT_OBJC_MSGSEND = YES;
				GCC_C_LANGUAGE_STANDARD = gnu11;
				GCC_NO_COMMON_BLOCKS = YES;
				GCC_WARN_64_TO_32_BIT_CONVERSION = YES;
				GCC_WARN_ABOUT_RETURN_TYPE = YES_ERROR;
				GCC_WARN_UNDECLARED_SELECTOR = YES;
				GCC_WARN_UNINITIALIZED_AUTOS = YES_AGGRESSIVE;
				GCC_WARN_UNUSED_FUNCTION = YES;
				GCC_WARN_UNUSED_VARIABLE = YES;
				IPHONEOS_DEPLOYMENT_TARGET = 11.3;
				MTL_ENABLE_DEBUG_INFO = NO;
				SDKROOT = iphoneos;
				SWIFT_COMPILATION_MODE = wholemodule;
				SWIFT_OPTIMIZATION_LEVEL = "-O";
				VALIDATE_PRODUCT = YES;
			};
			name = Release;
		};
		D8BBA424207FE3630028F11E /* Debug */ = {
			isa = XCBuildConfiguration;
			baseConfigurationReference = 9838CE2DF64B9567F666A044 /* Pods-VideoGameLibraryiOS.debug.xcconfig */;
			buildSettings = {
				ASSETCATALOG_COMPILER_APPICON_NAME = AppIcon;
				CODE_SIGN_STYLE = Automatic;
				DEVELOPMENT_TEAM = 7R2GCLCBFX;
				INFOPLIST_FILE = VideoGameLibraryiOS/Info.plist;
				LD_RUNPATH_SEARCH_PATHS = "$(inherited) @executable_path/Frameworks";
				PRODUCT_BUNDLE_IDENTIFIER = Gabe.Ro.Jo.VideoGameLibraryiOS;
				PRODUCT_NAME = "$(TARGET_NAME)";
				SWIFT_VERSION = 4.0;
				TARGETED_DEVICE_FAMILY = "1,2";
			};
			name = Debug;
		};
		D8BBA425207FE3630028F11E /* Release */ = {
			isa = XCBuildConfiguration;
			baseConfigurationReference = E7A3E0FFB91BC525E32B1EC1 /* Pods-VideoGameLibraryiOS.release.xcconfig */;
			buildSettings = {
				ASSETCATALOG_COMPILER_APPICON_NAME = AppIcon;
				CODE_SIGN_STYLE = Automatic;
				DEVELOPMENT_TEAM = 7R2GCLCBFX;
				INFOPLIST_FILE = VideoGameLibraryiOS/Info.plist;
				LD_RUNPATH_SEARCH_PATHS = "$(inherited) @executable_path/Frameworks";
				PRODUCT_BUNDLE_IDENTIFIER = Gabe.Ro.Jo.VideoGameLibraryiOS;
				PRODUCT_NAME = "$(TARGET_NAME)";
				SWIFT_VERSION = 4.0;
				TARGETED_DEVICE_FAMILY = "1,2";
			};
			name = Release;
		};
/* End XCBuildConfiguration section */

/* Begin XCConfigurationList section */
		D8BBA409207FE3620028F11E /* Build configuration list for PBXProject "VideoGameLibraryiOS" */ = {
			isa = XCConfigurationList;
			buildConfigurations = (
				D8BBA421207FE3630028F11E /* Debug */,
				D8BBA422207FE3630028F11E /* Release */,
			);
			defaultConfigurationIsVisible = 0;
			defaultConfigurationName = Release;
		};
		D8BBA423207FE3630028F11E /* Build configuration list for PBXNativeTarget "VideoGameLibraryiOS" */ = {
			isa = XCConfigurationList;
			buildConfigurations = (
				D8BBA424207FE3630028F11E /* Debug */,
				D8BBA425207FE3630028F11E /* Release */,
			);
			defaultConfigurationIsVisible = 0;
			defaultConfigurationName = Release;
		};
/* End XCConfigurationList section */

/* Begin XCVersionGroup section */
		D8BBA418207FE3620028F11E /* VideoGameLibraryiOS.xcdatamodeld */ = {
			isa = XCVersionGroup;
			children = (
				D8BBA419207FE3620028F11E /* VideoGameLibraryiOS.xcdatamodel */,
			);
			currentVersion = D8BBA419207FE3620028F11E /* VideoGameLibraryiOS.xcdatamodel */;
			path = VideoGameLibraryiOS.xcdatamodeld;
			sourceTree = "<group>";
			versionGroupType = wrapper.xcdatamodel;
		};
/* End XCVersionGroup section */
	};
	rootObject = D8BBA406207FE3620028F11E /* Project object */;
}
